
Microsoft Visual Studio Solution File, Format Version 12.00
# Visual Studio 2013
VisualStudioVersion = 12.0.21005.1
MinimumVisualStudioVersion = 10.0.40219.1
Project("{8BC9CEB8-8B4A-11D0-8D11-00A0C91BC942}") = "Dp_practice", "Dp_practice\Dp_practice.vcxproj", "{FD1EEF07-C6A0-4517-A69C-7D1F1D3B3013}"
EndProject
Global
	GlobalSection(SolutionConfigurationPlatforms) = preSolution
		Debug|Win32 = Debug|Win32
		Release|Win32 = Release|Win32
	EndGlobalSection
	GlobalSection(ProjectConfigurationPlatforms) = postSolution
		{FD1EEF07-C6A0-4517-A69C-7D1F1D3B3013}.Debug|Win32.ActiveCfg = Debug|Win32
		{FD1EEF07-C6A0-4517-A69C-7D1F1D3B3013}.Debug|Win32.Build.0 = Debug|Win32
		{FD1EEF07-C6A0-4517-A69C-7D1F1D3B3013}.Release|Win32.ActiveCfg = Release|Win32
		{FD1EEF07-C6A0-4517-A69C-7D1F1D3B3013}.Release|Win32.Build.0 = Release|Win32
	EndGlobalSection
	GlobalSection(SolutionProperties) = preSolution
		HideSolutionNode = FALSE
	EndGlobalSection
EndGlobal
